
Microsoft Visual Studio Solution File, Format Version 12.00
# Visual Studio Version 17
VisualStudioVersion = 17.2.32526.322
MinimumVisualStudioVersion = 10.0.40219.1
Project("{FAE04EC0-301F-11D3-BF4B-00C04F79EFBC}") = "ConsoleClienteApiOAuth", "ConsoleClienteApiOAuth\ConsoleClienteApiOAuth.csproj", "{BFCAD09D-F671-402D-B6FD-DC29FE5EF060}"
EndProject
Global
	GlobalSection(SolutionConfigurationPlatforms) = preSolution
		Debug|Any CPU = Debug|Any CPU
		Release|Any CPU = Release|Any CPU
	EndGlobalSection
	GlobalSection(ProjectConfigurationPlatforms) = postSolution
		{BFCAD09D-F671-402D-B6FD-DC29FE5EF060}.Debug|Any CPU.ActiveCfg = Debug|Any CPU
		{BFCAD09D-F671-402D-B6FD-DC29FE5EF060}.Debug|Any CPU.Build.0 = Debug|Any CPU
		{BFCAD09D-F671-402D-B6FD-DC29FE5EF060}.Release|Any CPU.ActiveCfg = Release|Any CPU
		{BFCAD09D-F671-402D-B6FD-DC29FE5EF060}.Release|Any CPU.Build.0 = Release|Any CPU
	EndGlobalSection
	GlobalSection(SolutionProperties) = preSolution
		HideSolutionNode = FALSE
	EndGlobalSection
	GlobalSection(ExtensibilityGlobals) = postSolution
		SolutionGuid = {1A38D7FF-57AA-4F65-B960-2FB3B72ECBE5}
	EndGlobalSection
EndGlobal
